<?xml version="1.0" encoding="utf-8"?>
<Project ToolsVersion="4.0" xmlns="http://schemas.microsoft.com/developer/msbuild/2003">
  <ItemGroup>
    <Filter Include="Source Files">
      <UniqueIdentifier>{4FC737F1-C7A5-4376-A066-2A32D752A2FF}</UniqueIdentifier>
      <Extensions>cpp;c;cc;cxx;def;odl;idl;hpj;bat;asm;asmx</Extensions>
    </Filter>
    <Filter Include="Header Files">
      <UniqueIdentifier>{93995380-89BD-4b04-88EB-625FBE52EBFB}</UniqueIdentifier>
      <Extensions>h;hpp;hxx;hm;inl;inc;xsd</Extensions>
    </Filter>
    <Filter Include="Resource Files">
      <UniqueIdentifier>{67DA6AB6-F800-4c08-8B7A-83BB121AAD01}</UniqueIdentifier>
      <Extensions>rc;ico;cur;bmp;dlg;rc2;rct;bin;rgs;gif;jpg;jpeg;jpe;resx;tiff;tif;png;wav;mfcribbon-ms</Extensions>
    </Filter>
    <Filter Include="Art">
      <UniqueIdentifier>{e175cad3-6396-4094-9af8-779a8c8b0e6a}</UniqueIdentifier>
    </Filter>
  </ItemGroup>
  <ItemGroup>
    <None Include="ReadMe.txt" />
    <None Include="app.ico">
      <Filter>Resource Files</Filter>
    </None>
  </ItemGroup>
  <ItemGroup>
    <ClCompile Include="src.cpp">
      <Filter>Source Files</Filter>
    </ClCompile>
    <ClCompile Include="AssemblyInfo.cpp">
      <Filter>Source Files</Filter>
    </ClCompile>
    <ClCompile Include="stdafx.cpp">
      <Filter>Resource Files</Filter>
    </ClCompile>
    <ClCompile Include="Form1.cpp">
      <Filter>Header Files</Filter>
    </ClCompile>
    <ClCompile Include="button.cpp">
      <Filter>Art</Filter>
    </ClCompile>
    <ClCompile Include="elevator.cpp">
      <Filter>Art</Filter>
    </ClCompile>
    <ClCompile Include="indicator.cpp">
      <Filter>Art</Filter>
    </ClCompile>
    <ClCompile Include="door.cpp">
      <Filter>Art</Filter>
    </ClCompile>
  </ItemGroup>
  <ItemGroup>
    <ClInclude Include="Form1.h">
      <Filter>Header Files</Filter>
    </ClInclude>
    <ClInclude Include="resource.h">
      <Filter>Header Files</Filter>
    </ClInclude>
    <ClInclude Include="test.h">
      <Filter>Header Files</Filter>
    </ClInclude>
    <ClInclude Include="base.h">
      <Filter>Art</Filter>
    </ClInclude>
    <ClInclude Include="elevator.h">
      <Filter>Art</Filter>
    </ClInclude>
    <ClInclude Include="exceptions.h">
      <Filter>Art</Filter>
    </ClInclude>
    <ClInclude Include="button.h">
      <Filter>Art</Filter>
    </ClInclude>
    <ClInclude Include="stdafx.h">
      <Filter>Resource Files</Filter>
    </ClInclude>
    <ClInclude Include="lift_system.h">
      <Filter>Art</Filter>
    </ClInclude>
    <ClInclude Include="door.h">
      <Filter>Art</Filter>
    </ClInclude>
    <ClInclude Include="indicator.h">
      <Filter>Art</Filter>
    </ClInclude>
  </ItemGroup>
  <ItemGroup>
    <ResourceCompile Include="app.rc">
      <Filter>Resource Files</Filter>
    </ResourceCompile>
  </ItemGroup>
</Project>